// !$*UTF8*$!
{
	archiveVersion = 1;
	classes = {
	};
	objectVersion = 46;
	objects = {

/* Begin PBXBuildFile section */
		7CCFB41619D57224004BE17C /* CarpeDMTests.swift in Sources */ = {isa = PBXBuildFile; fileRef = 7CCFB41519D57224004BE17C /* CarpeDMTests.swift */; };
		7CCFB43319D573A3004BE17C /* AppDelegate.swift in Sources */ = {isa = PBXBuildFile; fileRef = 7CCFB42319D573A3004BE17C /* AppDelegate.swift */; };
		7CCFB43419D573A3004BE17C /* DetailViewController.swift in Sources */ = {isa = PBXBuildFile; fileRef = 7CCFB42519D573A3004BE17C /* DetailViewController.swift */; };
		7CCFB43519D573A3004BE17C /* MasterViewController.swift in Sources */ = {isa = PBXBuildFile; fileRef = 7CCFB42619D573A3004BE17C /* MasterViewController.swift */; };
		7CCFB43619D573A3004BE17C /* CarpeDM.xcdatamodeld in Sources */ = {isa = PBXBuildFile; fileRef = 7CCFB42819D573A3004BE17C /* CarpeDM.xcdatamodeld */; };
		7CCFB43719D573A3004BE17C /* Images.xcassets in Resources */ = {isa = PBXBuildFile; fileRef = 7CCFB42B19D573A3004BE17C /* Images.xcassets */; };
		7CCFB43819D573A3004BE17C /* LaunchScreen.xib in Resources */ = {isa = PBXBuildFile; fileRef = 7CCFB42D19D573A3004BE17C /* LaunchScreen.xib */; };
		7CCFB43919D573A3004BE17C /* Main.storyboard in Resources */ = {isa = PBXBuildFile; fileRef = 7CCFB42F19D573A3004BE17C /* Main.storyboard */; };
		7CCFB43A19D573A3004BE17C /* Info.plist in Resources */ = {isa = PBXBuildFile; fileRef = 7CCFB43219D573A3004BE17C /* Info.plist */; };
		7CCFB45019D574A7004BE17C /* AuthenticationViewController.swift in Sources */ = {isa = PBXBuildFile; fileRef = 7CCFB44E19D574A7004BE17C /* AuthenticationViewController.swift */; };
		7CCFB45119D574A7004BE17C /* MessagesTableViewController.swift in Sources */ = {isa = PBXBuildFile; fileRef = 7CCFB44F19D574A7004BE17C /* MessagesTableViewController.swift */; };
		7CCFB45319D574B3004BE17C /* User.swift in Sources */ = {isa = PBXBuildFile; fileRef = 7CCFB45219D574B3004BE17C /* User.swift */; };
		7CCFB45519D574BC004BE17C /* CarpeDM.swift in Sources */ = {isa = PBXBuildFile; fileRef = 7CCFB45419D574BC004BE17C /* CarpeDM.swift */; };
		7CCFB45719D574C8004BE17C /* AddAccountButton.swift in Sources */ = {isa = PBXBuildFile; fileRef = 7CCFB45619D574C8004BE17C /* AddAccountButton.swift */; };
		7CCFB45819D57501004BE17C /* SwifteriOS.framework in Frameworks */ = {isa = PBXBuildFile; fileRef = 7CCFB44619D573A9004BE17C /* SwifteriOS.framework */; };
		7CCFB45919D57501004BE17C /* SwifteriOS.framework in Embed Frameworks */ = {isa = PBXBuildFile; fileRef = 7CCFB44619D573A9004BE17C /* SwifteriOS.framework */; settings = {ATTRIBUTES = (CodeSignOnCopy, RemoveHeadersOnCopy, ); }; };
		7CCFB45E19D57598004BE17C /* CarpeCoreData.swift in Sources */ = {isa = PBXBuildFile; fileRef = 7CCFB45D19D57598004BE17C /* CarpeCoreData.swift */; };
		7CCFB4AE19D57E29004BE17C /* MagicalImportFunctions.m in Sources */ = {isa = PBXBuildFile; fileRef = 7CCFB47419D57E29004BE17C /* MagicalImportFunctions.m */; };
		7CCFB4AF19D57E29004BE17C /* NSAttributeDescription+MagicalDataImport.m in Sources */ = {isa = PBXBuildFile; fileRef = 7CCFB47619D57E29004BE17C /* NSAttributeDescription+MagicalDataImport.m */; };
		7CCFB4B019D57E29004BE17C /* NSEntityDescription+MagicalDataImport.m in Sources */ = {isa = PBXBuildFile; fileRef = 7CCFB47819D57E29004BE17C /* NSEntityDescription+MagicalDataImport.m */; };
		7CCFB4B119D57E29004BE17C /* NSNumber+MagicalDataImport.m in Sources */ = {isa = PBXBuildFile; fileRef = 7CCFB47A19D57E29004BE17C /* NSNumber+MagicalDataImport.m */; };
		7CCFB4B219D57E29004BE17C /* NSObject+MagicalDataImport.m in Sources */ = {isa = PBXBuildFile; fileRef = 7CCFB47C19D57E29004BE17C /* NSObject+MagicalDataImport.m */; };
		7CCFB4B319D57E29004BE17C /* NSRelationshipDescription+MagicalDataImport.m in Sources */ = {isa = PBXBuildFile; fileRef = 7CCFB47E19D57E29004BE17C /* NSRelationshipDescription+MagicalDataImport.m */; };
		7CCFB4B419D57E29004BE17C /* NSString+MagicalDataImport.m in Sources */ = {isa = PBXBuildFile; fileRef = 7CCFB48019D57E29004BE17C /* NSString+MagicalDataImport.m */; };
		7CCFB4B519D57E29004BE17C /* NSManagedObject+MagicalAggregation.m in Sources */ = {isa = PBXBuildFile; fileRef = 7CCFB48319D57E29004BE17C /* NSManagedObject+MagicalAggregation.m */; };
		7CCFB4B619D57E29004BE17C /* NSManagedObject+MagicalDataImport.m in Sources */ = {isa = PBXBuildFile; fileRef = 7CCFB48519D57E29004BE17C /* NSManagedObject+MagicalDataImport.m */; };
		7CCFB4B719D57E29004BE17C /* NSManagedObject+MagicalFinders.m in Sources */ = {isa = PBXBuildFile; fileRef = 7CCFB48719D57E29004BE17C /* NSManagedObject+MagicalFinders.m */; };
		7CCFB4B819D57E29004BE17C /* NSManagedObject+MagicalRecord.m in Sources */ = {isa = PBXBuildFile; fileRef = 7CCFB48919D57E29004BE17C /* NSManagedObject+MagicalRecord.m */; };
		7CCFB4B919D57E29004BE17C /* NSManagedObject+MagicalRequests.m in Sources */ = {isa = PBXBuildFile; fileRef = 7CCFB48B19D57E29004BE17C /* NSManagedObject+MagicalRequests.m */; };
		7CCFB4BA19D57E29004BE17C /* NSManagedObjectContext+MagicalObserving.m in Sources */ = {isa = PBXBuildFile; fileRef = 7CCFB48E19D57E29004BE17C /* NSManagedObjectContext+MagicalObserving.m */; };
		7CCFB4BB19D57E29004BE17C /* NSManagedObjectContext+MagicalRecord.m in Sources */ = {isa = PBXBuildFile; fileRef = 7CCFB49019D57E29004BE17C /* NSManagedObjectContext+MagicalRecord.m */; };
		7CCFB4BC19D57E29004BE17C /* NSManagedObjectContext+MagicalSaves.m in Sources */ = {isa = PBXBuildFile; fileRef = 7CCFB49219D57E29004BE17C /* NSManagedObjectContext+MagicalSaves.m */; };
		7CCFB4BD19D57E29004BE17C /* NSManagedObjectContext+MagicalThreading.m in Sources */ = {isa = PBXBuildFile; fileRef = 7CCFB49419D57E29004BE17C /* NSManagedObjectContext+MagicalThreading.m */; };
		7CCFB4BE19D57E29004BE17C /* NSManagedObjectModel+MagicalRecord.m in Sources */ = {isa = PBXBuildFile; fileRef = 7CCFB49619D57E29004BE17C /* NSManagedObjectModel+MagicalRecord.m */; };
		7CCFB4BF19D57E29004BE17C /* NSPersistentStore+MagicalRecord.m in Sources */ = {isa = PBXBuildFile; fileRef = 7CCFB49819D57E29004BE17C /* NSPersistentStore+MagicalRecord.m */; };
		7CCFB4C019D57E29004BE17C /* NSPersistentStoreCoordinator+MagicalRecord.m in Sources */ = {isa = PBXBuildFile; fileRef = 7CCFB49A19D57E29004BE17C /* NSPersistentStoreCoordinator+MagicalRecord.m */; };
		7CCFB4C119D57E29004BE17C /* MagicalRecord+Actions.m in Sources */ = {isa = PBXBuildFile; fileRef = 7CCFB49D19D57E29004BE17C /* MagicalRecord+Actions.m */; };
		7CCFB4C219D57E29004BE17C /* MagicalRecord+ErrorHandling.m in Sources */ = {isa = PBXBuildFile; fileRef = 7CCFB49F19D57E29004BE17C /* MagicalRecord+ErrorHandling.m */; };
		7CCFB4C319D57E29004BE17C /* MagicalRecord+iCloud.m in Sources */ = {isa = PBXBuildFile; fileRef = 7CCFB4A119D57E29004BE17C /* MagicalRecord+iCloud.m */; };
		7CCFB4C419D57E29004BE17C /* MagicalRecord+Options.m in Sources */ = {isa = PBXBuildFile; fileRef = 7CCFB4A319D57E29004BE17C /* MagicalRecord+Options.m */; };
		7CCFB4C519D57E29004BE17C /* MagicalRecord+Setup.m in Sources */ = {isa = PBXBuildFile; fileRef = 7CCFB4A519D57E29004BE17C /* MagicalRecord+Setup.m */; };
		7CCFB4C619D57E29004BE17C /* MagicalRecord+ShorthandSupport.m in Sources */ = {isa = PBXBuildFile; fileRef = 7CCFB4A719D57E29004BE17C /* MagicalRecord+ShorthandSupport.m */; };
		7CCFB4C719D57E29004BE17C /* MagicalRecord.m in Sources */ = {isa = PBXBuildFile; fileRef = 7CCFB4A919D57E29004BE17C /* MagicalRecord.m */; };
/* End PBXBuildFile section */

/* Begin PBXContainerItemProxy section */
		7CCFB41019D57224004BE17C /* PBXContainerItemProxy */ = {
			isa = PBXContainerItemProxy;
			containerPortal = 7CCFB3ED19D57223004BE17C /* Project object */;
			proxyType = 1;
			remoteGlobalIDString = 7CCFB3F419D57223004BE17C;
			remoteInfo = CarpeDM;
		};
		7CCFB44319D573A9004BE17C /* PBXContainerItemProxy */ = {
			isa = PBXContainerItemProxy;
			containerPortal = 7CCFB43B19D573A9004BE17C /* Swifter.xcodeproj */;
			proxyType = 2;
			remoteGlobalIDString = 8B300C1F1944AA1A00993175;
			remoteInfo = SwifterDemoiOS;
		};
		7CCFB44519D573A9004BE17C /* PBXContainerItemProxy */ = {
			isa = PBXContainerItemProxy;
			containerPortal = 7CCFB43B19D573A9004BE17C /* Swifter.xcodeproj */;
			proxyType = 2;
			remoteGlobalIDString = 8B9F50EE1944A5AB00894629;
			remoteInfo = SwifteriOS;
		};
		7CCFB44719D573A9004BE17C /* PBXContainerItemProxy */ = {
			isa = PBXContainerItemProxy;
			containerPortal = 7CCFB43B19D573A9004BE17C /* Swifter.xcodeproj */;
			proxyType = 2;
			remoteGlobalIDString = 8B9F51131944A61D00894629;
			remoteInfo = SwifterMac;
		};
		7CCFB44919D573A9004BE17C /* PBXContainerItemProxy */ = {
			isa = PBXContainerItemProxy;
			containerPortal = 7CCFB43B19D573A9004BE17C /* Swifter.xcodeproj */;
			proxyType = 2;
			remoteGlobalIDString = 8B300C471944AECB00993175;
			remoteInfo = SwifterDemoMac;
		};
		7CCFB44B19D573A9004BE17C /* PBXContainerItemProxy */ = {
			isa = PBXContainerItemProxy;
			containerPortal = 7CCFB43B19D573A9004BE17C /* Swifter.xcodeproj */;
			proxyType = 2;
			remoteGlobalIDString = 8B300C5A1944AECB00993175;
			remoteInfo = SwifterDemoMacTests;
		};
		7CCFB45A19D57501004BE17C /* PBXContainerItemProxy */ = {
			isa = PBXContainerItemProxy;
			containerPortal = 7CCFB43B19D573A9004BE17C /* Swifter.xcodeproj */;
			proxyType = 1;
			remoteGlobalIDString = 8B9F50ED1944A5AB00894629;
			remoteInfo = SwifteriOS;
		};
/* End PBXContainerItemProxy section */

/* Begin PBXCopyFilesBuildPhase section */
		7CCFB45C19D57501004BE17C /* Embed Frameworks */ = {
			isa = PBXCopyFilesBuildPhase;
			buildActionMask = 2147483647;
			dstPath = "";
			dstSubfolderSpec = 10;
			files = (
				7CCFB45919D57501004BE17C /* SwifteriOS.framework in Embed Frameworks */,
			);
			name = "Embed Frameworks";
			runOnlyForDeploymentPostprocessing = 0;
		};
/* End PBXCopyFilesBuildPhase section */

/* Begin PBXFileReference section */
		7CCFB3F519D57223004BE17C /* CarpeDM.app */ = {isa = PBXFileReference; explicitFileType = wrapper.application; includeInIndex = 0; path = CarpeDM.app; sourceTree = BUILT_PRODUCTS_DIR; };
		7CCFB40F19D57224004BE17C /* CarpeDMTests.xctest */ = {isa = PBXFileReference; explicitFileType = wrapper.cfbundle; includeInIndex = 0; path = CarpeDMTests.xctest; sourceTree = BUILT_PRODUCTS_DIR; };
		7CCFB41419D57224004BE17C /* Info.plist */ = {isa = PBXFileReference; lastKnownFileType = text.plist.xml; path = Info.plist; sourceTree = "<group>"; };
		7CCFB41519D57224004BE17C /* CarpeDMTests.swift */ = {isa = PBXFileReference; lastKnownFileType = sourcecode.swift; path = CarpeDMTests.swift; sourceTree = "<group>"; };
		7CCFB42319D573A3004BE17C /* AppDelegate.swift */ = {isa = PBXFileReference; fileEncoding = 4; lastKnownFileType = sourcecode.swift; path = AppDelegate.swift; sourceTree = "<group>"; };
		7CCFB42519D573A3004BE17C /* DetailViewController.swift */ = {isa = PBXFileReference; fileEncoding = 4; lastKnownFileType = sourcecode.swift; path = DetailViewController.swift; sourceTree = "<group>"; };
		7CCFB42619D573A3004BE17C /* MasterViewController.swift */ = {isa = PBXFileReference; fileEncoding = 4; lastKnownFileType = sourcecode.swift; path = MasterViewController.swift; sourceTree = "<group>"; };
		7CCFB42919D573A3004BE17C /* CarpeDM.xcdatamodel */ = {isa = PBXFileReference; lastKnownFileType = wrapper.xcdatamodel; path = CarpeDM.xcdatamodel; sourceTree = "<group>"; };
		7CCFB42B19D573A3004BE17C /* Images.xcassets */ = {isa = PBXFileReference; lastKnownFileType = folder.assetcatalog; path = Images.xcassets; sourceTree = "<group>"; };
		7CCFB42E19D573A3004BE17C /* Base */ = {isa = PBXFileReference; lastKnownFileType = file.xib; name = Base; path = Base.lproj/LaunchScreen.xib; sourceTree = "<group>"; };
		7CCFB43019D573A3004BE17C /* Base */ = {isa = PBXFileReference; lastKnownFileType = file.storyboard; name = Base; path = Base.lproj/Main.storyboard; sourceTree = "<group>"; };
		7CCFB43219D573A3004BE17C /* Info.plist */ = {isa = PBXFileReference; fileEncoding = 4; lastKnownFileType = text.plist.xml; name = Info.plist; path = ../SupportingFiles/Info.plist; sourceTree = "<group>"; };
		7CCFB43B19D573A9004BE17C /* Swifter.xcodeproj */ = {isa = PBXFileReference; lastKnownFileType = "wrapper.pb-project"; name = Swifter.xcodeproj; path = Swifter/Swifter.xcodeproj; sourceTree = "<group>"; };
		7CCFB44E19D574A7004BE17C /* AuthenticationViewController.swift */ = {isa = PBXFileReference; fileEncoding = 4; lastKnownFileType = sourcecode.swift; path = AuthenticationViewController.swift; sourceTree = "<group>"; };
		7CCFB44F19D574A7004BE17C /* MessagesTableViewController.swift */ = {isa = PBXFileReference; fileEncoding = 4; lastKnownFileType = sourcecode.swift; path = MessagesTableViewController.swift; sourceTree = "<group>"; };
		7CCFB45219D574B3004BE17C /* User.swift */ = {isa = PBXFileReference; fileEncoding = 4; lastKnownFileType = sourcecode.swift; path = User.swift; sourceTree = "<group>"; };
		7CCFB45419D574BC004BE17C /* CarpeDM.swift */ = {isa = PBXFileReference; fileEncoding = 4; lastKnownFileType = sourcecode.swift; path = CarpeDM.swift; sourceTree = "<group>"; };
		7CCFB45619D574C8004BE17C /* AddAccountButton.swift */ = {isa = PBXFileReference; fileEncoding = 4; lastKnownFileType = sourcecode.swift; path = AddAccountButton.swift; sourceTree = "<group>"; };
		7CCFB45D19D57598004BE17C /* CarpeCoreData.swift */ = {isa = PBXFileReference; fileEncoding = 4; lastKnownFileType = sourcecode.swift; path = CarpeCoreData.swift; sourceTree = "<group>"; };
		7CCFB47319D57E29004BE17C /* MagicalImportFunctions.h */ = {isa = PBXFileReference; fileEncoding = 4; lastKnownFileType = sourcecode.c.h; path = MagicalImportFunctions.h; sourceTree = "<group>"; };
		7CCFB47419D57E29004BE17C /* MagicalImportFunctions.m */ = {isa = PBXFileReference; fileEncoding = 4; lastKnownFileType = sourcecode.c.objc; path = MagicalImportFunctions.m; sourceTree = "<group>"; };
		7CCFB47519D57E29004BE17C /* NSAttributeDescription+MagicalDataImport.h */ = {isa = PBXFileReference; fileEncoding = 4; lastKnownFileType = sourcecode.c.h; path = "NSAttributeDescription+MagicalDataImport.h"; sourceTree = "<group>"; };
		7CCFB47619D57E29004BE17C /* NSAttributeDescription+MagicalDataImport.m */ = {isa = PBXFileReference; fileEncoding = 4; lastKnownFileType = sourcecode.c.objc; path = "NSAttributeDescription+MagicalDataImport.m"; sourceTree = "<group>"; };
		7CCFB47719D57E29004BE17C /* NSEntityDescription+MagicalDataImport.h */ = {isa = PBXFileReference; fileEncoding = 4; lastKnownFileType = sourcecode.c.h; path = "NSEntityDescription+MagicalDataImport.h"; sourceTree = "<group>"; };
		7CCFB47819D57E29004BE17C /* NSEntityDescription+MagicalDataImport.m */ = {isa = PBXFileReference; fileEncoding = 4; lastKnownFileType = sourcecode.c.objc; path = "NSEntityDescription+MagicalDataImport.m"; sourceTree = "<group>"; };
		7CCFB47919D57E29004BE17C /* NSNumber+MagicalDataImport.h */ = {isa = PBXFileReference; fileEncoding = 4; lastKnownFileType = sourcecode.c.h; path = "NSNumber+MagicalDataImport.h"; sourceTree = "<group>"; };
		7CCFB47A19D57E29004BE17C /* NSNumber+MagicalDataImport.m */ = {isa = PBXFileReference; fileEncoding = 4; lastKnownFileType = sourcecode.c.objc; path = "NSNumber+MagicalDataImport.m"; sourceTree = "<group>"; };
		7CCFB47B19D57E29004BE17C /* NSObject+MagicalDataImport.h */ = {isa = PBXFileReference; fileEncoding = 4; lastKnownFileType = sourcecode.c.h; path = "NSObject+MagicalDataImport.h"; sourceTree = "<group>"; };
		7CCFB47C19D57E29004BE17C /* NSObject+MagicalDataImport.m */ = {isa = PBXFileReference; fileEncoding = 4; lastKnownFileType = sourcecode.c.objc; path = "NSObject+MagicalDataImport.m"; sourceTree = "<group>"; };
		7CCFB47D19D57E29004BE17C /* NSRelationshipDescription+MagicalDataImport.h */ = {isa = PBXFileReference; fileEncoding = 4; lastKnownFileType = sourcecode.c.h; path = "NSRelationshipDescription+MagicalDataImport.h"; sourceTree = "<group>"; };
		7CCFB47E19D57E29004BE17C /* NSRelationshipDescription+MagicalDataImport.m */ = {isa = PBXFileReference; fileEncoding = 4; lastKnownFileType = sourcecode.c.objc; path = "NSRelationshipDescription+MagicalDataImport.m"; sourceTree = "<group>"; };
		7CCFB47F19D57E29004BE17C /* NSString+MagicalDataImport.h */ = {isa = PBXFileReference; fileEncoding = 4; lastKnownFileType = sourcecode.c.h; path = "NSString+MagicalDataImport.h"; sourceTree = "<group>"; };
		7CCFB48019D57E29004BE17C /* NSString+MagicalDataImport.m */ = {isa = PBXFileReference; fileEncoding = 4; lastKnownFileType = sourcecode.c.objc; path = "NSString+MagicalDataImport.m"; sourceTree = "<group>"; };
		7CCFB48219D57E29004BE17C /* NSManagedObject+MagicalAggregation.h */ = {isa = PBXFileReference; fileEncoding = 4; lastKnownFileType = sourcecode.c.h; path = "NSManagedObject+MagicalAggregation.h"; sourceTree = "<group>"; };
		7CCFB48319D57E29004BE17C /* NSManagedObject+MagicalAggregation.m */ = {isa = PBXFileReference; fileEncoding = 4; lastKnownFileType = sourcecode.c.objc; path = "NSManagedObject+MagicalAggregation.m"; sourceTree = "<group>"; };
		7CCFB48419D57E29004BE17C /* NSManagedObject+MagicalDataImport.h */ = {isa = PBXFileReference; fileEncoding = 4; lastKnownFileType = sourcecode.c.h; path = "NSManagedObject+MagicalDataImport.h"; sourceTree = "<group>"; };
		7CCFB48519D57E29004BE17C /* NSManagedObject+MagicalDataImport.m */ = {isa = PBXFileReference; fileEncoding = 4; lastKnownFileType = sourcecode.c.objc; path = "NSManagedObject+MagicalDataImport.m"; sourceTree = "<group>"; };
		7CCFB48619D57E29004BE17C /* NSManagedObject+MagicalFinders.h */ = {isa = PBXFileReference; fileEncoding = 4; lastKnownFileType = sourcecode.c.h; path = "NSManagedObject+MagicalFinders.h"; sourceTree = "<group>"; };
		7CCFB48719D57E29004BE17C /* NSManagedObject+MagicalFinders.m */ = {isa = PBXFileReference; fileEncoding = 4; lastKnownFileType = sourcecode.c.objc; path = "NSManagedObject+MagicalFinders.m"; sourceTree = "<group>"; };
		7CCFB48819D57E29004BE17C /* NSManagedObject+MagicalRecord.h */ = {isa = PBXFileReference; fileEncoding = 4; lastKnownFileType = sourcecode.c.h; path = "NSManagedObject+MagicalRecord.h"; sourceTree = "<group>"; };
		7CCFB48919D57E29004BE17C /* NSManagedObject+MagicalRecord.m */ = {isa = PBXFileReference; fileEncoding = 4; lastKnownFileType = sourcecode.c.objc; path = "NSManagedObject+MagicalRecord.m"; sourceTree = "<group>"; };
		7CCFB48A19D57E29004BE17C /* NSManagedObject+MagicalRequests.h */ = {isa = PBXFileReference; fileEncoding = 4; lastKnownFileType = sourcecode.c.h; path = "NSManagedObject+MagicalRequests.h"; sourceTree = "<group>"; };
		7CCFB48B19D57E29004BE17C /* NSManagedObject+MagicalRequests.m */ = {isa = PBXFileReference; fileEncoding = 4; lastKnownFileType = sourcecode.c.objc; path = "NSManagedObject+MagicalRequests.m"; sourceTree = "<group>"; };
		7CCFB48D19D57E29004BE17C /* NSManagedObjectContext+MagicalObserving.h */ = {isa = PBXFileReference; fileEncoding = 4; lastKnownFileType = sourcecode.c.h; path = "NSManagedObjectContext+MagicalObserving.h"; sourceTree = "<group>"; };
		7CCFB48E19D57E29004BE17C /* NSManagedObjectContext+MagicalObserving.m */ = {isa = PBXFileReference; fileEncoding = 4; lastKnownFileType = sourcecode.c.objc; path = "NSManagedObjectContext+MagicalObserving.m"; sourceTree = "<group>"; };
		7CCFB48F19D57E29004BE17C /* NSManagedObjectContext+MagicalRecord.h */ = {isa = PBXFileReference; fileEncoding = 4; lastKnownFileType = sourcecode.c.h; path = "NSManagedObjectContext+MagicalRecord.h"; sourceTree = "<group>"; };
		7CCFB49019D57E29004BE17C /* NSManagedObjectContext+MagicalRecord.m */ = {isa = PBXFileReference; fileEncoding = 4; lastKnownFileType = sourcecode.c.objc; path = "NSManagedObjectContext+MagicalRecord.m"; sourceTree = "<group>"; };
		7CCFB49119D57E29004BE17C /* NSManagedObjectContext+MagicalSaves.h */ = {isa = PBXFileReference; fileEncoding = 4; lastKnownFileType = sourcecode.c.h; path = "NSManagedObjectContext+MagicalSaves.h"; sourceTree = "<group>"; };
		7CCFB49219D57E29004BE17C /* NSManagedObjectContext+MagicalSaves.m */ = {isa = PBXFileReference; fileEncoding = 4; lastKnownFileType = sourcecode.c.objc; path = "NSManagedObjectContext+MagicalSaves.m"; sourceTree = "<group>"; };
		7CCFB49319D57E29004BE17C /* NSManagedObjectContext+MagicalThreading.h */ = {isa = PBXFileReference; fileEncoding = 4; lastKnownFileType = sourcecode.c.h; path = "NSManagedObjectContext+MagicalThreading.h"; sourceTree = "<group>"; };
		7CCFB49419D57E29004BE17C /* NSManagedObjectContext+MagicalThreading.m */ = {isa = PBXFileReference; fileEncoding = 4; lastKnownFileType = sourcecode.c.objc; path = "NSManagedObjectContext+MagicalThreading.m"; sourceTree = "<group>"; };
		7CCFB49519D57E29004BE17C /* NSManagedObjectModel+MagicalRecord.h */ = {isa = PBXFileReference; fileEncoding = 4; lastKnownFileType = sourcecode.c.h; path = "NSManagedObjectModel+MagicalRecord.h"; sourceTree = "<group>"; };
		7CCFB49619D57E29004BE17C /* NSManagedObjectModel+MagicalRecord.m */ = {isa = PBXFileReference; fileEncoding = 4; lastKnownFileType = sourcecode.c.objc; path = "NSManagedObjectModel+MagicalRecord.m"; sourceTree = "<group>"; };
		7CCFB49719D57E29004BE17C /* NSPersistentStore+MagicalRecord.h */ = {isa = PBXFileReference; fileEncoding = 4; lastKnownFileType = sourcecode.c.h; path = "NSPersistentStore+MagicalRecord.h"; sourceTree = "<group>"; };
		7CCFB49819D57E29004BE17C /* NSPersistentStore+MagicalRecord.m */ = {isa = PBXFileReference; fileEncoding = 4; lastKnownFileType = sourcecode.c.objc; path = "NSPersistentStore+MagicalRecord.m"; sourceTree = "<group>"; };
		7CCFB49919D57E29004BE17C /* NSPersistentStoreCoordinator+MagicalRecord.h */ = {isa = PBXFileReference; fileEncoding = 4; lastKnownFileType = sourcecode.c.h; path = "NSPersistentStoreCoordinator+MagicalRecord.h"; sourceTree = "<group>"; };
		7CCFB49A19D57E29004BE17C /* NSPersistentStoreCoordinator+MagicalRecord.m */ = {isa = PBXFileReference; fileEncoding = 4; lastKnownFileType = sourcecode.c.objc; path = "NSPersistentStoreCoordinator+MagicalRecord.m"; sourceTree = "<group>"; };
		7CCFB49C19D57E29004BE17C /* MagicalRecord+Actions.h */ = {isa = PBXFileReference; fileEncoding = 4; lastKnownFileType = sourcecode.c.h; path = "MagicalRecord+Actions.h"; sourceTree = "<group>"; };
		7CCFB49D19D57E29004BE17C /* MagicalRecord+Actions.m */ = {isa = PBXFileReference; fileEncoding = 4; lastKnownFileType = sourcecode.c.objc; path = "MagicalRecord+Actions.m"; sourceTree = "<group>"; };
		7CCFB49E19D57E29004BE17C /* MagicalRecord+ErrorHandling.h */ = {isa = PBXFileReference; fileEncoding = 4; lastKnownFileType = sourcecode.c.h; path = "MagicalRecord+ErrorHandling.h"; sourceTree = "<group>"; };
		7CCFB49F19D57E29004BE17C /* MagicalRecord+ErrorHandling.m */ = {isa = PBXFileReference; fileEncoding = 4; lastKnownFileType = sourcecode.c.objc; path = "MagicalRecord+ErrorHandling.m"; sourceTree = "<group>"; };
		7CCFB4A019D57E29004BE17C /* MagicalRecord+iCloud.h */ = {isa = PBXFileReference; fileEncoding = 4; lastKnownFileType = sourcecode.c.h; path = "MagicalRecord+iCloud.h"; sourceTree = "<group>"; };
		7CCFB4A119D57E29004BE17C /* MagicalRecord+iCloud.m */ = {isa = PBXFileReference; fileEncoding = 4; lastKnownFileType = sourcecode.c.objc; path = "MagicalRecord+iCloud.m"; sourceTree = "<group>"; };
		7CCFB4A219D57E29004BE17C /* MagicalRecord+Options.h */ = {isa = PBXFileReference; fileEncoding = 4; lastKnownFileType = sourcecode.c.h; path = "MagicalRecord+Options.h"; sourceTree = "<group>"; };
		7CCFB4A319D57E29004BE17C /* MagicalRecord+Options.m */ = {isa = PBXFileReference; fileEncoding = 4; lastKnownFileType = sourcecode.c.objc; path = "MagicalRecord+Options.m"; sourceTree = "<group>"; };
		7CCFB4A419D57E29004BE17C /* MagicalRecord+Setup.h */ = {isa = PBXFileReference; fileEncoding = 4; lastKnownFileType = sourcecode.c.h; path = "MagicalRecord+Setup.h"; sourceTree = "<group>"; };
		7CCFB4A519D57E29004BE17C /* MagicalRecord+Setup.m */ = {isa = PBXFileReference; fileEncoding = 4; lastKnownFileType = sourcecode.c.objc; path = "MagicalRecord+Setup.m"; sourceTree = "<group>"; };
		7CCFB4A619D57E29004BE17C /* MagicalRecord+ShorthandSupport.h */ = {isa = PBXFileReference; fileEncoding = 4; lastKnownFileType = sourcecode.c.h; path = "MagicalRecord+ShorthandSupport.h"; sourceTree = "<group>"; };
		7CCFB4A719D57E29004BE17C /* MagicalRecord+ShorthandSupport.m */ = {isa = PBXFileReference; fileEncoding = 4; lastKnownFileType = sourcecode.c.objc; path = "MagicalRecord+ShorthandSupport.m"; sourceTree = "<group>"; };
		7CCFB4A819D57E29004BE17C /* MagicalRecord.h */ = {isa = PBXFileReference; fileEncoding = 4; lastKnownFileType = sourcecode.c.h; path = MagicalRecord.h; sourceTree = "<group>"; };
		7CCFB4A919D57E29004BE17C /* MagicalRecord.m */ = {isa = PBXFileReference; fileEncoding = 4; lastKnownFileType = sourcecode.c.objc; path = MagicalRecord.m; sourceTree = "<group>"; };
		7CCFB4AA19D57E29004BE17C /* MagicalRecordDeprecated.h */ = {isa = PBXFileReference; fileEncoding = 4; lastKnownFileType = sourcecode.c.h; path = MagicalRecordDeprecated.h; sourceTree = "<group>"; };
		7CCFB4AB19D57E29004BE17C /* MagicalRecordLogging.h */ = {isa = PBXFileReference; fileEncoding = 4; lastKnownFileType = sourcecode.c.h; path = MagicalRecordLogging.h; sourceTree = "<group>"; };
		7CCFB4AC19D57E29004BE17C /* MagicalRecordShorthand.h */ = {isa = PBXFileReference; fileEncoding = 4; lastKnownFileType = sourcecode.c.h; path = MagicalRecordShorthand.h; sourceTree = "<group>"; };
		7CCFB4AD19D57E29004BE17C /* CoreData+MagicalRecord.h */ = {isa = PBXFileReference; fileEncoding = 4; lastKnownFileType = sourcecode.c.h; path = "CoreData+MagicalRecord.h"; sourceTree = "<group>"; };
		7CCFB4C819D57E65004BE17C /* CarpeDM-Bridging-Header.h */ = {isa = PBXFileReference; lastKnownFileType = sourcecode.c.h; name = "CarpeDM-Bridging-Header.h"; path = "SupportingFiles/CarpeDM-Bridging-Header.h"; sourceTree = SOURCE_ROOT; };
/* End PBXFileReference section */

/* Begin PBXFrameworksBuildPhase section */
		7CCFB3F219D57223004BE17C /* Frameworks */ = {
			isa = PBXFrameworksBuildPhase;
			buildActionMask = 2147483647;
			files = (
				7CCFB45819D57501004BE17C /* SwifteriOS.framework in Frameworks */,
			);
			runOnlyForDeploymentPostprocessing = 0;
		};
		7CCFB40C19D57224004BE17C /* Frameworks */ = {
			isa = PBXFrameworksBuildPhase;
			buildActionMask = 2147483647;
			files = (
			);
			runOnlyForDeploymentPostprocessing = 0;
		};
/* End PBXFrameworksBuildPhase section */

/* Begin PBXGroup section */
		7CCFB3EC19D57223004BE17C = {
			isa = PBXGroup;
			children = (
				7CCFB43B19D573A9004BE17C /* Swifter.xcodeproj */,
				7CCFB47019D57E29004BE17C /* MagicalRecord */,
				7CCFB42219D573A3004BE17C /* AppDelegate */,
				7CCFB42419D573A3004BE17C /* Controllers */,
				7CCFB42719D573A3004BE17C /* Model */,
				7CCFB42A19D573A3004BE17C /* Resources */,
				7CCFB42C19D573A3004BE17C /* Storyboards */,
				7CCFB43119D573A3004BE17C /* SupportingFiles */,
				7CCFB44D19D57498004BE17C /* Views */,
				7CCFB41219D57224004BE17C /* CarpeDMTests */,
				7CCFB3F619D57223004BE17C /* Products */,
			);
			sourceTree = "<group>";
		};
		7CCFB3F619D57223004BE17C /* Products */ = {
			isa = PBXGroup;
			children = (
				7CCFB3F519D57223004BE17C /* CarpeDM.app */,
				7CCFB40F19D57224004BE17C /* CarpeDMTests.xctest */,
			);
			name = Products;
			sourceTree = "<group>";
		};
		7CCFB41219D57224004BE17C /* CarpeDMTests */ = {
			isa = PBXGroup;
			children = (
				7CCFB41519D57224004BE17C /* CarpeDMTests.swift */,
				7CCFB41319D57224004BE17C /* Supporting Files */,
			);
			path = CarpeDMTests;
			sourceTree = "<group>";
		};
		7CCFB41319D57224004BE17C /* Supporting Files */ = {
			isa = PBXGroup;
			children = (
				7CCFB41419D57224004BE17C /* Info.plist */,
			);
			name = "Supporting Files";
			sourceTree = "<group>";
		};
		7CCFB42219D573A3004BE17C /* AppDelegate */ = {
			isa = PBXGroup;
			children = (
				7CCFB42319D573A3004BE17C /* AppDelegate.swift */,
			);
			path = AppDelegate;
			sourceTree = "<group>";
		};
		7CCFB42419D573A3004BE17C /* Controllers */ = {
			isa = PBXGroup;
			children = (
				7CCFB45419D574BC004BE17C /* CarpeDM.swift */,
				7CCFB42519D573A3004BE17C /* DetailViewController.swift */,
				7CCFB42619D573A3004BE17C /* MasterViewController.swift */,
				7CCFB44E19D574A7004BE17C /* AuthenticationViewController.swift */,
				7CCFB44F19D574A7004BE17C /* MessagesTableViewController.swift */,
			);
			path = Controllers;
			sourceTree = "<group>";
		};
		7CCFB42719D573A3004BE17C /* Model */ = {
			isa = PBXGroup;
			children = (
				7CCFB45D19D57598004BE17C /* CarpeCoreData.swift */,
				7CCFB45219D574B3004BE17C /* User.swift */,
				7CCFB42819D573A3004BE17C /* CarpeDM.xcdatamodeld */,
			);
			path = Model;
			sourceTree = "<group>";
		};
		7CCFB42A19D573A3004BE17C /* Resources */ = {
			isa = PBXGroup;
			children = (
				7CCFB42B19D573A3004BE17C /* Images.xcassets */,
			);
			path = Resources;
			sourceTree = "<group>";
		};
		7CCFB42C19D573A3004BE17C /* Storyboards */ = {
			isa = PBXGroup;
			children = (
				7CCFB42D19D573A3004BE17C /* LaunchScreen.xib */,
				7CCFB42F19D573A3004BE17C /* Main.storyboard */,
			);
			path = Storyboards;
			sourceTree = "<group>";
		};
		7CCFB43119D573A3004BE17C /* SupportingFiles */ = {
			isa = PBXGroup;
			children = (
				7CCFB43219D573A3004BE17C /* Info.plist */,
				7CCFB4C819D57E65004BE17C /* CarpeDM-Bridging-Header.h */,
			);
			name = SupportingFiles;
			path = "Supporting Files";
			sourceTree = "<group>";
		};
		7CCFB43C19D573A9004BE17C /* Products */ = {
			isa = PBXGroup;
			children = (
				7CCFB44419D573A9004BE17C /* SwifterDemoiOS.app */,
				7CCFB44619D573A9004BE17C /* SwifteriOS.framework */,
				7CCFB44819D573A9004BE17C /* SwifterMac.framework */,
				7CCFB44A19D573A9004BE17C /* SwifterDemoMac.app */,
				7CCFB44C19D573A9004BE17C /* SwifterDemoMacTests.xctest */,
			);
			name = Products;
			sourceTree = "<group>";
		};
		7CCFB44D19D57498004BE17C /* Views */ = {
			isa = PBXGroup;
			children = (
				7CCFB45619D574C8004BE17C /* AddAccountButton.swift */,
			);
			path = Views;
			sourceTree = "<group>";
		};
		7CCFB47019D57E29004BE17C /* MagicalRecord */ = {
			isa = PBXGroup;
			children = (
				7CCFB47119D57E29004BE17C /* Categories */,
				7CCFB49B19D57E29004BE17C /* Core */,
				7CCFB4AD19D57E29004BE17C /* CoreData+MagicalRecord.h */,
			);
			name = MagicalRecord;
			path = MagicalRecord/MagicalRecord;
			sourceTree = "<group>";
		};
		7CCFB47119D57E29004BE17C /* Categories */ = {
			isa = PBXGroup;
			children = (
				7CCFB47219D57E29004BE17C /* DataImport */,
				7CCFB48119D57E29004BE17C /* NSManagedObject */,
				7CCFB48C19D57E29004BE17C /* NSManagedObjectContext */,
				7CCFB49519D57E29004BE17C /* NSManagedObjectModel+MagicalRecord.h */,
				7CCFB49619D57E29004BE17C /* NSManagedObjectModel+MagicalRecord.m */,
				7CCFB49719D57E29004BE17C /* NSPersistentStore+MagicalRecord.h */,
				7CCFB49819D57E29004BE17C /* NSPersistentStore+MagicalRecord.m */,
				7CCFB49919D57E29004BE17C /* NSPersistentStoreCoordinator+MagicalRecord.h */,
				7CCFB49A19D57E29004BE17C /* NSPersistentStoreCoordinator+MagicalRecord.m */,
			);
			path = Categories;
			sourceTree = "<group>";
		};
		7CCFB47219D57E29004BE17C /* DataImport */ = {
			isa = PBXGroup;
			children = (
				7CCFB47319D57E29004BE17C /* MagicalImportFunctions.h */,
				7CCFB47419D57E29004BE17C /* MagicalImportFunctions.m */,
				7CCFB47519D57E29004BE17C /* NSAttributeDescription+MagicalDataImport.h */,
				7CCFB47619D57E29004BE17C /* NSAttributeDescription+MagicalDataImport.m */,
				7CCFB47719D57E29004BE17C /* NSEntityDescription+MagicalDataImport.h */,
				7CCFB47819D57E29004BE17C /* NSEntityDescription+MagicalDataImport.m */,
				7CCFB47919D57E29004BE17C /* NSNumber+MagicalDataImport.h */,
				7CCFB47A19D57E29004BE17C /* NSNumber+MagicalDataImport.m */,
				7CCFB47B19D57E29004BE17C /* NSObject+MagicalDataImport.h */,
				7CCFB47C19D57E29004BE17C /* NSObject+MagicalDataImport.m */,
				7CCFB47D19D57E29004BE17C /* NSRelationshipDescription+MagicalDataImport.h */,
				7CCFB47E19D57E29004BE17C /* NSRelationshipDescription+MagicalDataImport.m */,
				7CCFB47F19D57E29004BE17C /* NSString+MagicalDataImport.h */,
				7CCFB48019D57E29004BE17C /* NSString+MagicalDataImport.m */,
			);
			path = DataImport;
			sourceTree = "<group>";
		};
		7CCFB48119D57E29004BE17C /* NSManagedObject */ = {
			isa = PBXGroup;
			children = (
				7CCFB48219D57E29004BE17C /* NSManagedObject+MagicalAggregation.h */,
				7CCFB48319D57E29004BE17C /* NSManagedObject+MagicalAggregation.m */,
				7CCFB48419D57E29004BE17C /* NSManagedObject+MagicalDataImport.h */,
				7CCFB48519D57E29004BE17C /* NSManagedObject+MagicalDataImport.m */,
				7CCFB48619D57E29004BE17C /* NSManagedObject+MagicalFinders.h */,
				7CCFB48719D57E29004BE17C /* NSManagedObject+MagicalFinders.m */,
				7CCFB48819D57E29004BE17C /* NSManagedObject+MagicalRecord.h */,
				7CCFB48919D57E29004BE17C /* NSManagedObject+MagicalRecord.m */,
				7CCFB48A19D57E29004BE17C /* NSManagedObject+MagicalRequests.h */,
				7CCFB48B19D57E29004BE17C /* NSManagedObject+MagicalRequests.m */,
			);
			path = NSManagedObject;
			sourceTree = "<group>";
		};
		7CCFB48C19D57E29004BE17C /* NSManagedObjectContext */ = {
			isa = PBXGroup;
			children = (
				7CCFB48D19D57E29004BE17C /* NSManagedObjectContext+MagicalObserving.h */,
				7CCFB48E19D57E29004BE17C /* NSManagedObjectContext+MagicalObserving.m */,
				7CCFB48F19D57E29004BE17C /* NSManagedObjectContext+MagicalRecord.h */,
				7CCFB49019D57E29004BE17C /* NSManagedObjectContext+MagicalRecord.m */,
				7CCFB49119D57E29004BE17C /* NSManagedObjectContext+MagicalSaves.h */,
				7CCFB49219D57E29004BE17C /* NSManagedObjectContext+MagicalSaves.m */,
				7CCFB49319D57E29004BE17C /* NSManagedObjectContext+MagicalThreading.h */,
				7CCFB49419D57E29004BE17C /* NSManagedObjectContext+MagicalThreading.m */,
			);
			path = NSManagedObjectContext;
			sourceTree = "<group>";
		};
		7CCFB49B19D57E29004BE17C /* Core */ = {
			isa = PBXGroup;
			children = (
				7CCFB49C19D57E29004BE17C /* MagicalRecord+Actions.h */,
				7CCFB49D19D57E29004BE17C /* MagicalRecord+Actions.m */,
				7CCFB49E19D57E29004BE17C /* MagicalRecord+ErrorHandling.h */,
				7CCFB49F19D57E29004BE17C /* MagicalRecord+ErrorHandling.m */,
				7CCFB4A019D57E29004BE17C /* MagicalRecord+iCloud.h */,
				7CCFB4A119D57E29004BE17C /* MagicalRecord+iCloud.m */,
				7CCFB4A219D57E29004BE17C /* MagicalRecord+Options.h */,
				7CCFB4A319D57E29004BE17C /* MagicalRecord+Options.m */,
				7CCFB4A419D57E29004BE17C /* MagicalRecord+Setup.h */,
				7CCFB4A519D57E29004BE17C /* MagicalRecord+Setup.m */,
				7CCFB4A619D57E29004BE17C /* MagicalRecord+ShorthandSupport.h */,
				7CCFB4A719D57E29004BE17C /* MagicalRecord+ShorthandSupport.m */,
				7CCFB4A819D57E29004BE17C /* MagicalRecord.h */,
				7CCFB4A919D57E29004BE17C /* MagicalRecord.m */,
				7CCFB4AA19D57E29004BE17C /* MagicalRecordDeprecated.h */,
				7CCFB4AB19D57E29004BE17C /* MagicalRecordLogging.h */,
				7CCFB4AC19D57E29004BE17C /* MagicalRecordShorthand.h */,
			);
			path = Core;
			sourceTree = "<group>";
		};
/* End PBXGroup section */

/* Begin PBXNativeTarget section */
		7CCFB3F419D57223004BE17C /* CarpeDM */ = {
			isa = PBXNativeTarget;
			buildConfigurationList = 7CCFB41919D57224004BE17C /* Build configuration list for PBXNativeTarget "CarpeDM" */;
			buildPhases = (
				7CCFB3F119D57223004BE17C /* Sources */,
				7CCFB3F219D57223004BE17C /* Frameworks */,
				7CCFB3F319D57223004BE17C /* Resources */,
				7CCFB45C19D57501004BE17C /* Embed Frameworks */,
			);
			buildRules = (
			);
			dependencies = (
				7CCFB45B19D57501004BE17C /* PBXTargetDependency */,
			);
			name = CarpeDM;
			productName = CarpeDM;
			productReference = 7CCFB3F519D57223004BE17C /* CarpeDM.app */;
			productType = "com.apple.product-type.application";
		};
		7CCFB40E19D57224004BE17C /* CarpeDMTests */ = {
			isa = PBXNativeTarget;
			buildConfigurationList = 7CCFB41C19D57224004BE17C /* Build configuration list for PBXNativeTarget "CarpeDMTests" */;
			buildPhases = (
				7CCFB40B19D57224004BE17C /* Sources */,
				7CCFB40C19D57224004BE17C /* Frameworks */,
				7CCFB40D19D57224004BE17C /* Resources */,
			);
			buildRules = (
			);
			dependencies = (
				7CCFB41119D57224004BE17C /* PBXTargetDependency */,
			);
			name = CarpeDMTests;
			productName = CarpeDMTests;
			productReference = 7CCFB40F19D57224004BE17C /* CarpeDMTests.xctest */;
			productType = "com.apple.product-type.bundle.unit-test";
		};
/* End PBXNativeTarget section */

/* Begin PBXProject section */
		7CCFB3ED19D57223004BE17C /* Project object */ = {
			isa = PBXProject;
			attributes = {
				LastUpgradeCheck = 0600;
				ORGANIZATIONNAME = "Rumble Labs";
				TargetAttributes = {
					7CCFB3F419D57223004BE17C = {
						CreatedOnToolsVersion = 6.0.1;
					};
					7CCFB40E19D57224004BE17C = {
						CreatedOnToolsVersion = 6.0.1;
						TestTargetID = 7CCFB3F419D57223004BE17C;
					};
				};
			};
			buildConfigurationList = 7CCFB3F019D57223004BE17C /* Build configuration list for PBXProject "CarpeDM" */;
			compatibilityVersion = "Xcode 3.2";
			developmentRegion = English;
			hasScannedForEncodings = 0;
			knownRegions = (
				en,
				Base,
			);
			mainGroup = 7CCFB3EC19D57223004BE17C;
			productRefGroup = 7CCFB3F619D57223004BE17C /* Products */;
			projectDirPath = "";
			projectReferences = (
				{
					ProductGroup = 7CCFB43C19D573A9004BE17C /* Products */;
					ProjectRef = 7CCFB43B19D573A9004BE17C /* Swifter.xcodeproj */;
				},
			);
			projectRoot = "";
			targets = (
				7CCFB3F419D57223004BE17C /* CarpeDM */,
				7CCFB40E19D57224004BE17C /* CarpeDMTests */,
			);
		};
/* End PBXProject section */

/* Begin PBXReferenceProxy section */
		7CCFB44419D573A9004BE17C /* SwifterDemoiOS.app */ = {
			isa = PBXReferenceProxy;
			fileType = wrapper.application;
			path = SwifterDemoiOS.app;
			remoteRef = 7CCFB44319D573A9004BE17C /* PBXContainerItemProxy */;
			sourceTree = BUILT_PRODUCTS_DIR;
		};
		7CCFB44619D573A9004BE17C /* SwifteriOS.framework */ = {
			isa = PBXReferenceProxy;
			fileType = wrapper.framework;
			path = SwifteriOS.framework;
			remoteRef = 7CCFB44519D573A9004BE17C /* PBXContainerItemProxy */;
			sourceTree = BUILT_PRODUCTS_DIR;
		};
		7CCFB44819D573A9004BE17C /* SwifterMac.framework */ = {
			isa = PBXReferenceProxy;
			fileType = wrapper.framework;
			path = SwifterMac.framework;
			remoteRef = 7CCFB44719D573A9004BE17C /* PBXContainerItemProxy */;
			sourceTree = BUILT_PRODUCTS_DIR;
		};
		7CCFB44A19D573A9004BE17C /* SwifterDemoMac.app */ = {
			isa = PBXReferenceProxy;
			fileType = wrapper.application;
			path = SwifterDemoMac.app;
			remoteRef = 7CCFB44919D573A9004BE17C /* PBXContainerItemProxy */;
			sourceTree = BUILT_PRODUCTS_DIR;
		};
		7CCFB44C19D573A9004BE17C /* SwifterDemoMacTests.xctest */ = {
			isa = PBXReferenceProxy;
			fileType = wrapper.cfbundle;
			path = SwifterDemoMacTests.xctest;
			remoteRef = 7CCFB44B19D573A9004BE17C /* PBXContainerItemProxy */;
			sourceTree = BUILT_PRODUCTS_DIR;
		};
/* End PBXReferenceProxy section */

/* Begin PBXResourcesBuildPhase section */
		7CCFB3F319D57223004BE17C /* Resources */ = {
			isa = PBXResourcesBuildPhase;
			buildActionMask = 2147483647;
			files = (
				7CCFB43A19D573A3004BE17C /* Info.plist in Resources */,
				7CCFB43919D573A3004BE17C /* Main.storyboard in Resources */,
				7CCFB43819D573A3004BE17C /* LaunchScreen.xib in Resources */,
				7CCFB43719D573A3004BE17C /* Images.xcassets in Resources */,
			);
			runOnlyForDeploymentPostprocessing = 0;
		};
		7CCFB40D19D57224004BE17C /* Resources */ = {
			isa = PBXResourcesBuildPhase;
			buildActionMask = 2147483647;
			files = (
			);
			runOnlyForDeploymentPostprocessing = 0;
		};
/* End PBXResourcesBuildPhase section */

/* Begin PBXSourcesBuildPhase section */
		7CCFB3F119D57223004BE17C /* Sources */ = {
			isa = PBXSourcesBuildPhase;
			buildActionMask = 2147483647;
			files = (
				7CCFB4AF19D57E29004BE17C /* NSAttributeDescription+MagicalDataImport.m in Sources */,
				7CCFB45719D574C8004BE17C /* AddAccountButton.swift in Sources */,
				7CCFB43619D573A3004BE17C /* CarpeDM.xcdatamodeld in Sources */,
				7CCFB4BB19D57E29004BE17C /* NSManagedObjectContext+MagicalRecord.m in Sources */,
				7CCFB4B519D57E29004BE17C /* NSManagedObject+MagicalAggregation.m in Sources */,
				7CCFB45119D574A7004BE17C /* MessagesTableViewController.swift in Sources */,
				7CCFB43319D573A3004BE17C /* AppDelegate.swift in Sources */,
				7CCFB4B119D57E29004BE17C /* NSNumber+MagicalDataImport.m in Sources */,
				7CCFB45019D574A7004BE17C /* AuthenticationViewController.swift in Sources */,
				7CCFB4C319D57E29004BE17C /* MagicalRecord+iCloud.m in Sources */,
				7CCFB4B719D57E29004BE17C /* NSManagedObject+MagicalFinders.m in Sources */,
				7CCFB4AE19D57E29004BE17C /* MagicalImportFunctions.m in Sources */,
				7CCFB4BD19D57E29004BE17C /* NSManagedObjectContext+MagicalThreading.m in Sources */,
				7CCFB4C219D57E29004BE17C /* MagicalRecord+ErrorHandling.m in Sources */,
				7CCFB4C019D57E29004BE17C /* NSPersistentStoreCoordinator+MagicalRecord.m in Sources */,
				7CCFB45519D574BC004BE17C /* CarpeDM.swift in Sources */,
				7CCFB45E19D57598004BE17C /* CarpeCoreData.swift in Sources */,
				7CCFB4B819D57E29004BE17C /* NSManagedObject+MagicalRecord.m in Sources */,
				7CCFB4B619D57E29004BE17C /* NSManagedObject+MagicalDataImport.m in Sources */,
				7CCFB4B419D57E29004BE17C /* NSString+MagicalDataImport.m in Sources */,
				7CCFB4B019D57E29004BE17C /* NSEntityDescription+MagicalDataImport.m in Sources */,
				7CCFB4C119D57E29004BE17C /* MagicalRecord+Actions.m in Sources */,
				7CCFB4B919D57E29004BE17C /* NSManagedObject+MagicalRequests.m in Sources */,
				7CCFB4BC19D57E29004BE17C /* NSManagedObjectContext+MagicalSaves.m in Sources */,
				7CCFB4C619D57E29004BE17C /* MagicalRecord+ShorthandSupport.m in Sources */,
				7CCFB43419D573A3004BE17C /* DetailViewController.swift in Sources */,
				7CCFB4BE19D57E29004BE17C /* NSManagedObjectModel+MagicalRecord.m in Sources */,
				7CCFB4C419D57E29004BE17C /* MagicalRecord+Options.m in Sources */,
				7CCFB4C519D57E29004BE17C /* MagicalRecord+Setup.m in Sources */,
				7CCFB43519D573A3004BE17C /* MasterViewController.swift in Sources */,
				7CCFB4B319D57E29004BE17C /* NSRelationshipDescription+MagicalDataImport.m in Sources */,
				7CCFB4C719D57E29004BE17C /* MagicalRecord.m in Sources */,
				7CCFB4BA19D57E29004BE17C /* NSManagedObjectContext+MagicalObserving.m in Sources */,
				7CCFB4BF19D57E29004BE17C /* NSPersistentStore+MagicalRecord.m in Sources */,
				7CCFB45319D574B3004BE17C /* User.swift in Sources */,
				7CCFB4B219D57E29004BE17C /* NSObject+MagicalDataImport.m in Sources */,
			);
			runOnlyForDeploymentPostprocessing = 0;
		};
		7CCFB40B19D57224004BE17C /* Sources */ = {
			isa = PBXSourcesBuildPhase;
			buildActionMask = 2147483647;
			files = (
				7CCFB41619D57224004BE17C /* CarpeDMTests.swift in Sources */,
			);
			runOnlyForDeploymentPostprocessing = 0;
		};
/* End PBXSourcesBuildPhase section */

/* Begin PBXTargetDependency section */
		7CCFB41119D57224004BE17C /* PBXTargetDependency */ = {
			isa = PBXTargetDependency;
			target = 7CCFB3F419D57223004BE17C /* CarpeDM */;
			targetProxy = 7CCFB41019D57224004BE17C /* PBXContainerItemProxy */;
		};
		7CCFB45B19D57501004BE17C /* PBXTargetDependency */ = {
			isa = PBXTargetDependency;
			name = SwifteriOS;
			targetProxy = 7CCFB45A19D57501004BE17C /* PBXContainerItemProxy */;
		};
/* End PBXTargetDependency section */

/* Begin PBXVariantGroup section */
		7CCFB42D19D573A3004BE17C /* LaunchScreen.xib */ = {
			isa = PBXVariantGroup;
			children = (
				7CCFB42E19D573A3004BE17C /* Base */,
			);
			name = LaunchScreen.xib;
			sourceTree = "<group>";
		};
		7CCFB42F19D573A3004BE17C /* Main.storyboard */ = {
			isa = PBXVariantGroup;
			children = (
				7CCFB43019D573A3004BE17C /* Base */,
			);
			name = Main.storyboard;
			sourceTree = "<group>";
		};
/* End PBXVariantGroup section */

/* Begin XCBuildConfiguration section */
		7CCFB41719D57224004BE17C /* Debug */ = {
			isa = XCBuildConfiguration;
			buildSettings = {
				ALWAYS_SEARCH_USER_PATHS = NO;
				CLANG_CXX_LANGUAGE_STANDARD = "gnu++0x";
				CLANG_CXX_LIBRARY = "libc++";
				CLANG_ENABLE_MODULES = YES;
				CLANG_ENABLE_OBJC_ARC = YES;
				CLANG_WARN_BOOL_CONVERSION = YES;
				CLANG_WARN_CONSTANT_CONVERSION = YES;
				CLANG_WARN_DIRECT_OBJC_ISA_USAGE = YES_ERROR;
				CLANG_WARN_EMPTY_BODY = YES;
				CLANG_WARN_ENUM_CONVERSION = YES;
				CLANG_WARN_INT_CONVERSION = YES;
				CLANG_WARN_OBJC_ROOT_CLASS = YES_ERROR;
				CLANG_WARN_UNREACHABLE_CODE = YES;
				CLANG_WARN__DUPLICATE_METHOD_MATCH = YES;
				"CODE_SIGN_IDENTITY[sdk=iphoneos*]" = "iPhone Developer";
				COPY_PHASE_STRIP = NO;
				ENABLE_STRICT_OBJC_MSGSEND = YES;
				GCC_C_LANGUAGE_STANDARD = gnu99;
				GCC_DYNAMIC_NO_PIC = NO;
				GCC_OPTIMIZATION_LEVEL = 0;
				GCC_PREPROCESSOR_DEFINITIONS = (
					"DEBUG=1",
					"$(inherited)",
				);
				GCC_SYMBOLS_PRIVATE_EXTERN = NO;
				GCC_WARN_64_TO_32_BIT_CONVERSION = YES;
				GCC_WARN_ABOUT_RETURN_TYPE = YES_ERROR;
				GCC_WARN_UNDECLARED_SELECTOR = YES;
				GCC_WARN_UNINITIALIZED_AUTOS = YES_AGGRESSIVE;
				GCC_WARN_UNUSED_FUNCTION = YES;
				GCC_WARN_UNUSED_VARIABLE = YES;
				IPHONEOS_DEPLOYMENT_TARGET = 8.0;
				MTL_ENABLE_DEBUG_INFO = YES;
				ONLY_ACTIVE_ARCH = YES;
				SDKROOT = iphoneos;
				SWIFT_OPTIMIZATION_LEVEL = "-Onone";
			};
			name = Debug;
		};
		7CCFB41819D57224004BE17C /* Release */ = {
			isa = XCBuildConfiguration;
			buildSettings = {
				ALWAYS_SEARCH_USER_PATHS = NO;
				CLANG_CXX_LANGUAGE_STANDARD = "gnu++0x";
				CLANG_CXX_LIBRARY = "libc++";
				CLANG_ENABLE_MODULES = YES;
				CLANG_ENABLE_OBJC_ARC = YES;
				CLANG_WARN_BOOL_CONVERSION = YES;
				CLANG_WARN_CONSTANT_CONVERSION = YES;
				CLANG_WARN_DIRECT_OBJC_ISA_USAGE = YES_ERROR;
				CLANG_WARN_EMPTY_BODY = YES;
				CLANG_WARN_ENUM_CONVERSION = YES;
				CLANG_WARN_INT_CONVERSION = YES;
				CLANG_WARN_OBJC_ROOT_CLASS = YES_ERROR;
				CLANG_WARN_UNREACHABLE_CODE = YES;
				CLANG_WARN__DUPLICATE_METHOD_MATCH = YES;
				"CODE_SIGN_IDENTITY[sdk=iphoneos*]" = "iPhone Developer";
				COPY_PHASE_STRIP = YES;
				ENABLE_NS_ASSERTIONS = NO;
				ENABLE_STRICT_OBJC_MSGSEND = YES;
				GCC_C_LANGUAGE_STANDARD = gnu99;
				GCC_WARN_64_TO_32_BIT_CONVERSION = YES;
				GCC_WARN_ABOUT_RETURN_TYPE = YES_ERROR;
				GCC_WARN_UNDECLARED_SELECTOR = YES;
				GCC_WARN_UNINITIALIZED_AUTOS = YES_AGGRESSIVE;
				GCC_WARN_UNUSED_FUNCTION = YES;
				GCC_WARN_UNUSED_VARIABLE = YES;
				IPHONEOS_DEPLOYMENT_TARGET = 8.0;
				MTL_ENABLE_DEBUG_INFO = NO;
				SDKROOT = iphoneos;
				VALIDATE_PRODUCT = YES;
			};
			name = Release;
		};
		7CCFB41A19D57224004BE17C /* Debug */ = {
			isa = XCBuildConfiguration;
			buildSettings = {
				ASSETCATALOG_COMPILER_APPICON_NAME = AppIcon;
				ASSETCATALOG_COMPILER_LAUNCHIMAGE_NAME = LaunchImage;
				INFOPLIST_FILE = "$(SRCROOT)/SupportingFiles/Info.plist";
				LD_RUNPATH_SEARCH_PATHS = "$(inherited) @executable_path/Frameworks";
				PRODUCT_NAME = "$(TARGET_NAME)";
				SWIFT_OBJC_BRIDGING_HEADER = "./SupportingFiles/CarpeDM-Bridging-Header.h";
			};
			name = Debug;
		};
		7CCFB41B19D57224004BE17C /* Release */ = {
			isa = XCBuildConfiguration;
			buildSettings = {
				ASSETCATALOG_COMPILER_APPICON_NAME = AppIcon;
				ASSETCATALOG_COMPILER_LAUNCHIMAGE_NAME = LaunchImage;
				INFOPLIST_FILE = "$(SRCROOT)/SupportingFiles/Info.plist";
				LD_RUNPATH_SEARCH_PATHS = "$(inherited) @executable_path/Frameworks";
				PRODUCT_NAME = "$(TARGET_NAME)";
				SWIFT_OBJC_BRIDGING_HEADER = "./SupportingFiles/CarpeDM-Bridging-Header.h";
			};
			name = Release;
		};
		7CCFB41D19D57224004BE17C /* Debug */ = {
			isa = XCBuildConfiguration;
			buildSettings = {
				BUNDLE_LOADER = "$(TEST_HOST)";
				FRAMEWORK_SEARCH_PATHS = (
					"$(SDKROOT)/Developer/Library/Frameworks",
					"$(inherited)",
				);
				GCC_PREPROCESSOR_DEFINITIONS = (
					"DEBUG=1",
					"$(inherited)",
				);
				INFOPLIST_FILE = CarpeDMTests/Info.plist;
				LD_RUNPATH_SEARCH_PATHS = "$(inherited) @executable_path/Frameworks @loader_path/Frameworks";
				PRODUCT_NAME = "$(TARGET_NAME)";
				TEST_HOST = "$(BUILT_PRODUCTS_DIR)/CarpeDM.app/CarpeDM";
			};
			name = Debug;
		};
		7CCFB41E19D57224004BE17C /* Release */ = {
			isa = XCBuildConfiguration;
			buildSettings = {
				BUNDLE_LOADER = "$(TEST_HOST)";
				FRAMEWORK_SEARCH_PATHS = (
					"$(SDKROOT)/Developer/Library/Frameworks",
					"$(inherited)",
				);
				INFOPLIST_FILE = CarpeDMTests/Info.plist;
				LD_RUNPATH_SEARCH_PATHS = "$(inherited) @executable_path/Frameworks @loader_path/Frameworks";
				PRODUCT_NAME = "$(TARGET_NAME)";
				TEST_HOST = "$(BUILT_PRODUCTS_DIR)/CarpeDM.app/CarpeDM";
			};
			name = Release;
		};
/* End XCBuildConfiguration section */

/* Begin XCConfigurationList section */
		7CCFB3F019D57223004BE17C /* Build configuration list for PBXProject "CarpeDM" */ = {
			isa = XCConfigurationList;
			buildConfigurations = (
				7CCFB41719D57224004BE17C /* Debug */,
				7CCFB41819D57224004BE17C /* Release */,
			);
			defaultConfigurationIsVisible = 0;
			defaultConfigurationName = Release;
		};
		7CCFB41919D57224004BE17C /* Build configuration list for PBXNativeTarget "CarpeDM" */ = {
			isa = XCConfigurationList;
			buildConfigurations = (
				7CCFB41A19D57224004BE17C /* Debug */,
				7CCFB41B19D57224004BE17C /* Release */,
			);
			defaultConfigurationIsVisible = 0;
		};
		7CCFB41C19D57224004BE17C /* Build configuration list for PBXNativeTarget "CarpeDMTests" */ = {
			isa = XCConfigurationList;
			buildConfigurations = (
				7CCFB41D19D57224004BE17C /* Debug */,
				7CCFB41E19D57224004BE17C /* Release */,
			);
			defaultConfigurationIsVisible = 0;
		};
/* End XCConfigurationList section */

/* Begin XCVersionGroup section */
		7CCFB42819D573A3004BE17C /* CarpeDM.xcdatamodeld */ = {
			isa = XCVersionGroup;
			children = (
				7CCFB42919D573A3004BE17C /* CarpeDM.xcdatamodel */,
			);
			currentVersion = 7CCFB42919D573A3004BE17C /* CarpeDM.xcdatamodel */;
			path = CarpeDM.xcdatamodeld;
			sourceTree = "<group>";
			versionGroupType = wrapper.xcdatamodel;
		};
/* End XCVersionGroup section */
	};
	rootObject = 7CCFB3ED19D57223004BE17C /* Project object */;
}
